PODS:
  - KochavaEngagementExtensioniOS (3.15.0):
    - KochavaTrackeriOS (= 3.15.0)
  - KochavaTrackeriOS (3.15.0)

DEPENDENCIES:
  - KochavaEngagementExtensioniOS (from `../`)

SPEC REPOS:
  trunk:
    - KochavaTrackeriOS

EXTERNAL SOURCES:
  KochavaEngagementExtensioniOS:
    :path: "../"

SPEC CHECKSUMS:
  KochavaEngagementExtensioniOS: ea87a40c08a64b8def86b690be49177f7d56d19a
  KochavaTrackeriOS: f9a6cf080765a9805e0f6de0cd9f824f31ff98f2

PODFILE CHECKSUM: 9691e2985ab31f3828243c1354b87645f3a1f515

COCOAPODS: 1.8.4
