PODS:
  - KochavaEngagementExtensioniOS (3.11.4):
    - KochavaTrackeriOS
  - KochavaTrackeriOS (3.11.4)

DEPENDENCIES:
  - KochavaEngagementExtensioniOS (from `../`)

SPEC REPOS:
  https://github.com/cocoapods/specs.git:
    - KochavaTrackeriOS

EXTERNAL SOURCES:
  KochavaEngagementExtensioniOS:
    :path: "../"

SPEC CHECKSUMS:
  KochavaEngagementExtensioniOS: 102d970f72f7267cc334297bf351db902ddd16f1
  KochavaTrackeriOS: cc375ea9420af05e2e4df6375e7beed5e199c720

PODFILE CHECKSUM: 0e57f729146d05d09dea2868915cb56763b26538

COCOAPODS: 1.5.2
