PODS:
  - KochavaEngagementExtensioniOS (3.14.0):
    - KochavaTrackeriOS (= 3.14.0)
  - KochavaTrackeriOS (3.14.0)

DEPENDENCIES:
  - KochavaEngagementExtensioniOS (from `../`)

SPEC REPOS:
  trunk:
    - KochavaTrackeriOS

EXTERNAL SOURCES:
  KochavaEngagementExtensioniOS:
    :path: "../"

SPEC CHECKSUMS:
  KochavaEngagementExtensioniOS: f03be22000c66f954ac8dbc43f08f6d26c90b705
  KochavaTrackeriOS: c768fdf3e3afd4d99909ce34685c5bd40e192e89

PODFILE CHECKSUM: 9472d41afbb24a59841998d132475ad43a979859

COCOAPODS: 1.8.4
